
Microsoft Visual Studio Solution File, Format Version 12.00
# Visual Studio 15
VisualStudioVersion = 15.0.27428.2037
MinimumVisualStudioVersion = 10.0.40219.1
Project("{FAE04EC0-301F-11D3-BF4B-00C04F79EFBC}") = "MessangerDataLayer", "MessangerDataLayer\MessangerDataLayer.csproj", "{16BA3995-3C06-49E1-A109-41CC58CBA2C1}"
EndProject
Project("{FAE04EC0-301F-11D3-BF4B-00C04F79EFBC}") = "UnitTests", "UnitTests\UnitTests.csproj", "{B9AA9FAF-0C71-4956-9BE7-9638C4CFBDB8}"
EndProject
Project("{FAE04EC0-301F-11D3-BF4B-00C04F79EFBC}") = "BL", "BL\BL.csproj", "{7911FA46-BCFD-4DDB-99C8-37D9E80D409E}"
EndProject
Project("{FAE04EC0-301F-11D3-BF4B-00C04F79EFBC}") = "Abstract", "Abstract\Abstract.csproj", "{A81A22F9-CDE2-4841-81A7-3F1ECE25300C}"
EndProject
Project("{FAE04EC0-301F-11D3-BF4B-00C04F79EFBC}") = "Server", "Server\Server.csproj", "{15200361-9D07-4B3F-9219-F0CF5F9F409B}"
EndProject
Global
	GlobalSection(SolutionConfigurationPlatforms) = preSolution
		Debug|Any CPU = Debug|Any CPU
		Release|Any CPU = Release|Any CPU
	EndGlobalSection
	GlobalSection(ProjectConfigurationPlatforms) = postSolution
		{16BA3995-3C06-49E1-A109-41CC58CBA2C1}.Debug|Any CPU.ActiveCfg = Debug|Any CPU
		{16BA3995-3C06-49E1-A109-41CC58CBA2C1}.Debug|Any CPU.Build.0 = Debug|Any CPU
		{16BA3995-3C06-49E1-A109-41CC58CBA2C1}.Release|Any CPU.ActiveCfg = Release|Any CPU
		{16BA3995-3C06-49E1-A109-41CC58CBA2C1}.Release|Any CPU.Build.0 = Release|Any CPU
		{B9AA9FAF-0C71-4956-9BE7-9638C4CFBDB8}.Debug|Any CPU.ActiveCfg = Debug|Any CPU
		{B9AA9FAF-0C71-4956-9BE7-9638C4CFBDB8}.Debug|Any CPU.Build.0 = Debug|Any CPU
		{B9AA9FAF-0C71-4956-9BE7-9638C4CFBDB8}.Release|Any CPU.ActiveCfg = Release|Any CPU
		{B9AA9FAF-0C71-4956-9BE7-9638C4CFBDB8}.Release|Any CPU.Build.0 = Release|Any CPU
		{7911FA46-BCFD-4DDB-99C8-37D9E80D409E}.Debug|Any CPU.ActiveCfg = Debug|Any CPU
		{7911FA46-BCFD-4DDB-99C8-37D9E80D409E}.Debug|Any CPU.Build.0 = Debug|Any CPU
		{7911FA46-BCFD-4DDB-99C8-37D9E80D409E}.Release|Any CPU.ActiveCfg = Release|Any CPU
		{7911FA46-BCFD-4DDB-99C8-37D9E80D409E}.Release|Any CPU.Build.0 = Release|Any CPU
		{A81A22F9-CDE2-4841-81A7-3F1ECE25300C}.Debug|Any CPU.ActiveCfg = Debug|Any CPU
		{A81A22F9-CDE2-4841-81A7-3F1ECE25300C}.Debug|Any CPU.Build.0 = Debug|Any CPU
		{A81A22F9-CDE2-4841-81A7-3F1ECE25300C}.Release|Any CPU.ActiveCfg = Release|Any CPU
		{A81A22F9-CDE2-4841-81A7-3F1ECE25300C}.Release|Any CPU.Build.0 = Release|Any CPU
		{15200361-9D07-4B3F-9219-F0CF5F9F409B}.Debug|Any CPU.ActiveCfg = Debug|Any CPU
		{15200361-9D07-4B3F-9219-F0CF5F9F409B}.Debug|Any CPU.Build.0 = Debug|Any CPU
		{15200361-9D07-4B3F-9219-F0CF5F9F409B}.Release|Any CPU.ActiveCfg = Release|Any CPU
		{15200361-9D07-4B3F-9219-F0CF5F9F409B}.Release|Any CPU.Build.0 = Release|Any CPU
	EndGlobalSection
	GlobalSection(SolutionProperties) = preSolution
		HideSolutionNode = FALSE
	EndGlobalSection
	GlobalSection(ExtensibilityGlobals) = postSolution
		SolutionGuid = {A5D261D2-89D9-433F-AB2D-4655DD275362}
	EndGlobalSection
EndGlobal
